
Microsoft Visual Studio Solution File, Format Version 12.00
# Visual Studio 14
VisualStudioVersion = 14.0.23107.0
MinimumVisualStudioVersion = 10.0.40219.1
Project("{FAE04EC0-301F-11D3-BF4B-00C04F79EFBC}") = "high Low Card Game", "high Low Card Game\high Low Card Game.csproj", "{00832838-1AC4-452B-9BD9-8E6279BB2516}"
EndProject
Global
	GlobalSection(SolutionConfigurationPlatforms) = preSolution
		Debug|Any CPU = Debug|Any CPU
		Release|Any CPU = Release|Any CPU
	EndGlobalSection
	GlobalSection(ProjectConfigurationPlatforms) = postSolution
		{00832838-1AC4-452B-9BD9-8E6279BB2516}.Debug|Any CPU.ActiveCfg = Debug|Any CPU
		{00832838-1AC4-452B-9BD9-8E6279BB2516}.Debug|Any CPU.Build.0 = Debug|Any CPU
		{00832838-1AC4-452B-9BD9-8E6279BB2516}.Release|Any CPU.ActiveCfg = Release|Any CPU
		{00832838-1AC4-452B-9BD9-8E6279BB2516}.Release|Any CPU.Build.0 = Release|Any CPU
	EndGlobalSection
	GlobalSection(SolutionProperties) = preSolution
		HideSolutionNode = FALSE
	EndGlobalSection
EndGlobal
